PODS:
  - YSCategory (0.1.0):
    - YSCategory/CGRect (= 0.1.0)
    - YSCategory/NSString (= 0.1.0)
    - YSCategory/Regex (= 0.1.0)
  - YSCategory/CGRect (0.1.0)
  - YSCategory/NSString (0.1.0)
  - YSCategory/Regex (0.1.0)

DEPENDENCIES:
  - YSCategory (from `../`)

EXTERNAL SOURCES:
  YSCategory:
    :path: "../"

SPEC CHECKSUMS:
  YSCategory: 8a9d33b177bbea928d14b32c5b4bb11d9f9ef9c6

PODFILE CHECKSUM: 2fd55023a8df273b5035b9afd6d69677bf20e946

COCOAPODS: 1.2.0
